dependencies:
  '@rush-temp/asset-operator': file:projects/asset-operator.tgz
  better-sqlite3: 5.4.3
  ethers: 4.0.48
  typescript: 4.2.3
lockfileVersion: 5.2
packages:
  /aes-js/3.0.0:
    dev: false
    resolution:
      integrity: sha1-4h3xCtbCBTKVvLuNq0Cwnb6ofk0=
  /better-sqlite3/5.4.3:
    dependencies:
      integer: 2.1.0
      tar: 4.4.13
    dev: false
    requiresBuild: true
    resolution:
      integrity: sha512-fPp+8f363qQIhuhLyjI4bu657J/FfMtgiiHKfaTsj3RWDkHlWC1yT7c6kHZDnBxzQVoAINuzg553qKmZ4F1rEw==
  /bn.js/4.12.0:
    dev: false
    resolution:
      integrity: sha512-c98Bf3tPniI+scsdk237ku1Dc3ujXQTSgyiPUDEOe7tRkhrqridvh8klBv0HCEso1OLOYcHuCv/cS6DNxKH+ZA==
  /brorand/1.1.0:
    dev: false
    resolution:
      integrity: sha1-EsJe/kCkXjwyPrhnWgoM5XsiNx8=
  /chownr/1.1.4:
    dev: false
    resolution:
      integrity: sha512-jJ0bqzaylmJtVnNgzTeSOs8DPavpbYgEr/b0YL8/2GO3xJEhInFmhKMUnEJQjZumK7KXGFhUy89PrsJWlakBVg==
  /elliptic/6.5.3:
    dependencies:
      bn.js: 4.12.0
      brorand: 1.1.0
      hash.js: 1.1.3
      hmac-drbg: 1.0.1
      inherits: 2.0.4
      minimalistic-assert: 1.0.1
      minimalistic-crypto-utils: 1.0.1
    dev: false
    resolution:
      integrity: sha512-IMqzv5wNQf+E6aHeIqATs0tOLeOTwj1QKbRcS3jBbYkl5oLAserA8yJTT7/VyHUYG91PRmPyeQDObKLPpeS4dw==
  /ethers/4.0.48:
    dependencies:
      aes-js: 3.0.0
      bn.js: 4.12.0
      elliptic: 6.5.3
      hash.js: 1.1.3
      js-sha3: 0.5.7
      scrypt-js: 2.0.4
      setimmediate: 1.0.4
      uuid: 2.0.1
      xmlhttprequest: 1.8.0
    dev: false
    resolution:
      integrity: sha512-sZD5K8H28dOrcidzx9f8KYh8083n5BexIO3+SbE4jK83L85FxtpXZBCQdXb8gkg+7sBqomcLhhkU7UHL+F7I2g==
  /fs-minipass/1.2.7:
    dependencies:
      minipass: 2.9.0
    dev: false
    resolution:
      integrity: sha512-GWSSJGFy4e9GUeCcbIkED+bgAoFyj7XF1mV8rma3QW4NIqX9Kyx79N/PF61H5udOV3aY1IaMLs6pGbH71nlCTA==
  /hash.js/1.1.3:
    dependencies:
      inherits: 2.0.4
      minimalistic-assert: 1.0.1
    dev: false
    resolution:
      integrity: sha512-/UETyP0W22QILqS+6HowevwhEFJ3MBJnwTf75Qob9Wz9t0DPuisL8kW8YZMK62dHAKE1c1p+gY1TtOLY+USEHA==
  /hmac-drbg/1.0.1:
    dependencies:
      hash.js: 1.1.3
      minimalistic-assert: 1.0.1
      minimalistic-crypto-utils: 1.0.1
    dev: false
    resolution:
      integrity: sha1-0nRXAQJabHdabFRXk+1QL8DGSaE=
  /inherits/2.0.4:
    dev: false
    resolution:
      integrity: sha512-k/vGaX4/Yla3WzyMCvTQOXYeIHvqOKtnqBduzTHpzpQZzAskKMhZ2K+EnBiSM9zGSoIFeMpXKxa4dYeZIQqewQ==
  /integer/2.1.0:
    dev: false
    requiresBuild: true
    resolution:
      integrity: sha512-vBtiSgrEiNocWvvZX1RVfeOKa2mCHLZQ2p9nkQkQZ/BvEiY+6CcUz0eyjvIiewjJoeNidzg2I+tpPJvpyspL1w==
  /js-sha3/0.5.7:
    dev: false
    resolution:
      integrity: sha1-DU/9gALVMzqrr0oj7tL2N0yfKOc=
  /minimalistic-assert/1.0.1:
    dev: false
    resolution:
      integrity: sha512-UtJcAD4yEaGtjPezWuO9wC4nwUnVH/8/Im3yEHQP4b67cXlD/Qr9hdITCU1xDbSEXg2XKNaP8jsReV7vQd00/A==
  /minimalistic-crypto-utils/1.0.1:
    dev: false
    resolution:
      integrity: sha1-9sAMHAsIIkblxNmd+4x8CDsrWCo=
  /minimist/1.2.5:
    dev: false
    resolution:
      integrity: sha512-FM9nNUYrRBAELZQT3xeZQ7fmMOBg6nWNmJKTcgsJeaLstP/UODVpGsr5OhXhhXg6f+qtJ8uiZ+PUxkDWcgIXLw==
  /minipass/2.9.0:
    dependencies:
      safe-buffer: 5.2.1
      yallist: 3.1.1
    dev: false
    resolution:
      integrity: sha512-wxfUjg9WebH+CUDX/CdbRlh5SmfZiy/hpkxaRI16Y9W56Pa75sWgd/rvFilSgrauD9NyFymP/+JFV3KwzIsJeg==
  /minizlib/1.3.3:
    dependencies:
      minipass: 2.9.0
    dev: false
    resolution:
      integrity: sha512-6ZYMOEnmVsdCeTJVE0W9ZD+pVnE8h9Hma/iOwwRDsdQoePpoX56/8B6z3P9VNwppJuBKNRuFDRNRqRWexT9G9Q==
  /mkdirp/0.5.5:
    dependencies:
      minimist: 1.2.5
    dev: false
    hasBin: true
    resolution:
      integrity: sha512-NKmAlESf6jMGym1++R0Ra7wvhV+wFW63FaSOFPwRahvea0gMUcGUhVeAg/0BC0wiv9ih5NYPB1Wn1UEI1/L+xQ==
  /safe-buffer/5.2.1:
    dev: false
    resolution:
      integrity: sha512-rp3So07KcdmmKbGvgaNxQSJr7bGVSVk5S9Eq1F+ppbRo70+YeaDxkw5Dd8NPN+GD6bjnYm2VuPuCXmpuYvmCXQ==
  /scrypt-js/2.0.4:
    dev: false
    resolution:
      integrity: sha512-4KsaGcPnuhtCZQCxFxN3GVYIhKFPTdLd8PLC552XwbMndtD0cjRFAhDuuydXQ0h08ZfPgzqe6EKHozpuH74iDw==
  /setimmediate/1.0.4:
    dev: false
    resolution:
      integrity: sha1-IOgd5iLUoCWIzgyNqJc8vPHTE48=
  /tar/4.4.13:
    dependencies:
      chownr: 1.1.4
      fs-minipass: 1.2.7
      minipass: 2.9.0
      minizlib: 1.3.3
      mkdirp: 0.5.5
      safe-buffer: 5.2.1
      yallist: 3.1.1
    dev: false
    engines:
      node: '>=4.5'
    resolution:
      integrity: sha512-w2VwSrBoHa5BsSyH+KxEqeQBAllHhccyMFVHtGtdMpF4W7IRWfZjFiQceJPChOeTsSDVUpER2T8FA93pr0L+QA==
  /typescript/4.2.3:
    dev: false
    engines:
      node: '>=4.2.0'
    hasBin: true
    resolution:
      integrity: sha512-qOcYwxaByStAWrBf4x0fibwZvMRG+r4cQoTjbPtUlrWjBHbmCAww1i448U0GJ+3cNNEtebDteo/cHOR3xJ4wEw==
  /uuid/2.0.1:
    dev: false
    resolution:
      integrity: sha1-wqMN7bPlNdcsz4LjQ5QaULqFM6w=
  /xmlhttprequest/1.8.0:
    dev: false
    engines:
      node: '>=0.4.0'
    resolution:
      integrity: sha1-Z/4HXFwk/vOfnWX197f+dRcZaPw=
  /yallist/3.1.1:
    dev: false
    resolution:
      integrity: sha512-a4UGQaWPH59mOXUYnAG2ewncQS4i4F43Tv3JoAM+s2VDAmS9NsK8GpDMLrCHPksFT7h3K6TOoUNn2pb7RoXx4g==
  file:projects/asset-operator.tgz:
    dependencies:
      better-sqlite3: 5.4.3
      ethers: 4.0.48
      typescript: 4.2.3
    dev: false
    name: '@rush-temp/asset-operator'
    resolution:
      integrity: sha512-XQ+jCaw4fw1W1pqKiAllXH6E3OMo1E1VFhxKCV5EcMFxgptD/wKmf0Y8yFzsbcCC8YTrxgl3ybBZvWqKJ9Tm8w==
      tarball: file:projects/asset-operator.tgz
    version: 0.0.0
registry: ''
specifiers:
  '@rush-temp/asset-operator': file:./projects/asset-operator.tgz
  better-sqlite3: ^5.4.3
  ethers: ^4.0.48
  typescript: ~4.2.3
